
Microsoft Visual Studio Solution File, Format Version 12.00
# Visual Studio 15
VisualStudioVersion = 15.0.28307.102
MinimumVisualStudioVersion = 10.0.40219.1
Project("{FAE04EC0-301F-11D3-BF4B-00C04F79EFBC}") = "CMusic", "CMusic\CMusic.csproj", "{A536C9CB-34A9-4EC9-BDD4-77A3177FFDF4}"
EndProject
Global
	GlobalSection(SolutionConfigurationPlatforms) = preSolution
		Debug|Any CPU = Debug|Any CPU
		Release|Any CPU = Release|Any CPU
	EndGlobalSection
	GlobalSection(ProjectConfigurationPlatforms) = postSolution
		{A536C9CB-34A9-4EC9-BDD4-77A3177FFDF4}.Debug|Any CPU.ActiveCfg = Debug|Any CPU
		{A536C9CB-34A9-4EC9-BDD4-77A3177FFDF4}.Debug|Any CPU.Build.0 = Debug|Any CPU
		{A536C9CB-34A9-4EC9-BDD4-77A3177FFDF4}.Release|Any CPU.ActiveCfg = Release|Any CPU
		{A536C9CB-34A9-4EC9-BDD4-77A3177FFDF4}.Release|Any CPU.Build.0 = Release|Any CPU
	EndGlobalSection
	GlobalSection(SolutionProperties) = preSolution
		HideSolutionNode = FALSE
	EndGlobalSection
	GlobalSection(ExtensibilityGlobals) = postSolution
		SolutionGuid = {F6C05477-36B8-467E-9726-BD8D51C9BB5A}
	EndGlobalSection
EndGlobal
